
Microsoft Visual Studio Solution File, Format Version 12.00
# Visual Studio Version 16
VisualStudioVersion = 16.0.30523.141
MinimumVisualStudioVersion = 10.0.40219.1
Project("{FAE04EC0-301F-11D3-BF4B-00C04F79EFBC}") = "RangeConfigTest", "RangeConfigTest\RangeConfigTest.csproj", "{668CFA53-46A6-41FF-96ED-041FD4A94ACB}"
EndProject
Project("{FAE04EC0-301F-11D3-BF4B-00C04F79EFBC}") = "Aveva.CounterRange", "Aveva.CounterRange\Aveva.CounterRange.csproj", "{666A767C-ED75-4314-8DE9-D679A22F5C5D}"
EndProject
Global
	GlobalSection(SolutionConfigurationPlatforms) = preSolution
		Debug|Any CPU = Debug|Any CPU
		Release|Any CPU = Release|Any CPU
	EndGlobalSection
	GlobalSection(ProjectConfigurationPlatforms) = postSolution
		{668CFA53-46A6-41FF-96ED-041FD4A94ACB}.Debug|Any CPU.ActiveCfg = Debug|Any CPU
		{668CFA53-46A6-41FF-96ED-041FD4A94ACB}.Debug|Any CPU.Build.0 = Debug|Any CPU
		{668CFA53-46A6-41FF-96ED-041FD4A94ACB}.Release|Any CPU.ActiveCfg = Release|Any CPU
		{668CFA53-46A6-41FF-96ED-041FD4A94ACB}.Release|Any CPU.Build.0 = Release|Any CPU
		{666A767C-ED75-4314-8DE9-D679A22F5C5D}.Debug|Any CPU.ActiveCfg = Debug|Any CPU
		{666A767C-ED75-4314-8DE9-D679A22F5C5D}.Debug|Any CPU.Build.0 = Debug|Any CPU
		{666A767C-ED75-4314-8DE9-D679A22F5C5D}.Release|Any CPU.ActiveCfg = Release|Any CPU
		{666A767C-ED75-4314-8DE9-D679A22F5C5D}.Release|Any CPU.Build.0 = Release|Any CPU
	EndGlobalSection
	GlobalSection(SolutionProperties) = preSolution
		HideSolutionNode = FALSE
	EndGlobalSection
	GlobalSection(ExtensibilityGlobals) = postSolution
		SolutionGuid = {C883DA47-8FFC-4872-AF56-ECD86D89C183}
	EndGlobalSection
EndGlobal
